
Microsoft Visual Studio Solution File, Format Version 12.00
# Visual Studio 15
VisualStudioVersion = 15.0.27703.2047
MinimumVisualStudioVersion = 10.0.40219.1
Project("{FAE04EC0-301F-11D3-BF4B-00C04F79EFBC}") = "Lab1", "Lab1.csproj", "{FD1684E3-37BB-404A-A0AE-ADF85FCCC086}"
EndProject
Global
	GlobalSection(SolutionConfigurationPlatforms) = preSolution
		Debug|Any CPU = Debug|Any CPU
		Release|Any CPU = Release|Any CPU
	EndGlobalSection
	GlobalSection(ProjectConfigurationPlatforms) = postSolution
		{FD1684E3-37BB-404A-A0AE-ADF85FCCC086}.Debug|Any CPU.ActiveCfg = Debug|Any CPU
		{FD1684E3-37BB-404A-A0AE-ADF85FCCC086}.Debug|Any CPU.Build.0 = Debug|Any CPU
		{FD1684E3-37BB-404A-A0AE-ADF85FCCC086}.Release|Any CPU.ActiveCfg = Release|Any CPU
		{FD1684E3-37BB-404A-A0AE-ADF85FCCC086}.Release|Any CPU.Build.0 = Release|Any CPU
	EndGlobalSection
	GlobalSection(SolutionProperties) = preSolution
		HideSolutionNode = FALSE
	EndGlobalSection
	GlobalSection(ExtensibilityGlobals) = postSolution
		SolutionGuid = {97DFE2F5-DF28-45A8-939A-C781FC80D7D2}
	EndGlobalSection
EndGlobal
