
Microsoft Visual Studio Solution File, Format Version 12.00
# Visual Studio 15
VisualStudioVersion = 15.0.28010.2046
MinimumVisualStudioVersion = 10.0.40219.1
Project("{FAE04EC0-301F-11D3-BF4B-00C04F79EFBC}") = "Lab4", "Lab4.csproj", "{9C79C2F7-4F89-4FFE-9A9C-10AD86D7A025}"
EndProject
Global
	GlobalSection(SolutionConfigurationPlatforms) = preSolution
		Debug|Any CPU = Debug|Any CPU
		Release|Any CPU = Release|Any CPU
	EndGlobalSection
	GlobalSection(ProjectConfigurationPlatforms) = postSolution
		{9C79C2F7-4F89-4FFE-9A9C-10AD86D7A025}.Debug|Any CPU.ActiveCfg = Debug|Any CPU
		{9C79C2F7-4F89-4FFE-9A9C-10AD86D7A025}.Debug|Any CPU.Build.0 = Debug|Any CPU
		{9C79C2F7-4F89-4FFE-9A9C-10AD86D7A025}.Release|Any CPU.ActiveCfg = Release|Any CPU
		{9C79C2F7-4F89-4FFE-9A9C-10AD86D7A025}.Release|Any CPU.Build.0 = Release|Any CPU
	EndGlobalSection
	GlobalSection(SolutionProperties) = preSolution
		HideSolutionNode = FALSE
	EndGlobalSection
	GlobalSection(ExtensibilityGlobals) = postSolution
		SolutionGuid = {F71F1AAE-848A-46A7-9C09-B2AF7C01C2D9}
	EndGlobalSection
EndGlobal
