
Microsoft Visual Studio Solution File, Format Version 12.00
# Visual Studio 15
VisualStudioVersion = 15.0.28010.2046
MinimumVisualStudioVersion = 10.0.40219.1
Project("{FAE04EC0-301F-11D3-BF4B-00C04F79EFBC}") = "Lab5", "Lab5.csproj", "{D0A6FD51-FACF-42F2-A769-ED1F610B418D}"
EndProject
Global
	GlobalSection(SolutionConfigurationPlatforms) = preSolution
		Debug|Any CPU = Debug|Any CPU
		Release|Any CPU = Release|Any CPU
	EndGlobalSection
	GlobalSection(ProjectConfigurationPlatforms) = postSolution
		{D0A6FD51-FACF-42F2-A769-ED1F610B418D}.Debug|Any CPU.ActiveCfg = Debug|Any CPU
		{D0A6FD51-FACF-42F2-A769-ED1F610B418D}.Debug|Any CPU.Build.0 = Debug|Any CPU
		{D0A6FD51-FACF-42F2-A769-ED1F610B418D}.Release|Any CPU.ActiveCfg = Release|Any CPU
		{D0A6FD51-FACF-42F2-A769-ED1F610B418D}.Release|Any CPU.Build.0 = Release|Any CPU
	EndGlobalSection
	GlobalSection(SolutionProperties) = preSolution
		HideSolutionNode = FALSE
	EndGlobalSection
	GlobalSection(ExtensibilityGlobals) = postSolution
		SolutionGuid = {1B4B3907-9DBB-46EC-A913-28ADDA97C62B}
	EndGlobalSection
EndGlobal
