
Microsoft Visual Studio Solution File, Format Version 12.00
# Visual Studio 15
VisualStudioVersion = 15.0.28307.106
MinimumVisualStudioVersion = 10.0.40219.1
Project("{8BC9CEB8-8B4A-11D0-8D11-00A0C91BC942}") = "Lab6new", "Lab6new.vcxproj", "{5823B355-43C5-4335-9F06-8699857D2567}"
EndProject
Global
	GlobalSection(SolutionConfigurationPlatforms) = preSolution
		Debug|x64 = Debug|x64
		Debug|x86 = Debug|x86
		Release|x64 = Release|x64
		Release|x86 = Release|x86
	EndGlobalSection
	GlobalSection(ProjectConfigurationPlatforms) = postSolution
		{5823B355-43C5-4335-9F06-8699857D2567}.Debug|x64.ActiveCfg = Debug|x64
		{5823B355-43C5-4335-9F06-8699857D2567}.Debug|x64.Build.0 = Debug|x64
		{5823B355-43C5-4335-9F06-8699857D2567}.Debug|x86.ActiveCfg = Debug|Win32
		{5823B355-43C5-4335-9F06-8699857D2567}.Debug|x86.Build.0 = Debug|Win32
		{5823B355-43C5-4335-9F06-8699857D2567}.Release|x64.ActiveCfg = Release|x64
		{5823B355-43C5-4335-9F06-8699857D2567}.Release|x64.Build.0 = Release|x64
		{5823B355-43C5-4335-9F06-8699857D2567}.Release|x86.ActiveCfg = Release|Win32
		{5823B355-43C5-4335-9F06-8699857D2567}.Release|x86.Build.0 = Release|Win32
	EndGlobalSection
	GlobalSection(SolutionProperties) = preSolution
		HideSolutionNode = FALSE
	EndGlobalSection
	GlobalSection(ExtensibilityGlobals) = postSolution
		SolutionGuid = {E5A6E722-BFA8-4903-8BB3-52B90A1D62B8}
	EndGlobalSection
EndGlobal
