
Microsoft Visual Studio Solution File, Format Version 12.00
# Visual Studio 15
VisualStudioVersion = 15.0.28010.2036
MinimumVisualStudioVersion = 10.0.40219.1
Project("{FAE04EC0-301F-11D3-BF4B-00C04F79EFBC}") = "Lab3", "Lab3.csproj", "{3C4D6F95-5E40-4904-9F67-545CD08FA87E}"
EndProject
Global
	GlobalSection(SolutionConfigurationPlatforms) = preSolution
		Debug|Any CPU = Debug|Any CPU
		Release|Any CPU = Release|Any CPU
	EndGlobalSection
	GlobalSection(ProjectConfigurationPlatforms) = postSolution
		{3C4D6F95-5E40-4904-9F67-545CD08FA87E}.Debug|Any CPU.ActiveCfg = Debug|Any CPU
		{3C4D6F95-5E40-4904-9F67-545CD08FA87E}.Debug|Any CPU.Build.0 = Debug|Any CPU
		{3C4D6F95-5E40-4904-9F67-545CD08FA87E}.Release|Any CPU.ActiveCfg = Release|Any CPU
		{3C4D6F95-5E40-4904-9F67-545CD08FA87E}.Release|Any CPU.Build.0 = Release|Any CPU
	EndGlobalSection
	GlobalSection(SolutionProperties) = preSolution
		HideSolutionNode = FALSE
	EndGlobalSection
	GlobalSection(ExtensibilityGlobals) = postSolution
		SolutionGuid = {01931BFC-FB35-482B-9678-1CBC414D7162}
	EndGlobalSection
EndGlobal
