
Microsoft Visual Studio Solution File, Format Version 12.00
# Visual Studio 15
VisualStudioVersion = 15.0.28307.136
MinimumVisualStudioVersion = 10.0.40219.1
Project("{FAE04EC0-301F-11D3-BF4B-00C04F79EFBC}") = "WcfServiceLibrary1", "..\WcfServiceLibrary1\WcfServiceLibrary1.csproj", "{CC0967CB-F4AC-4EFF-A204-D0182A8CCD59}"
EndProject
Global
	GlobalSection(SolutionConfigurationPlatforms) = preSolution
		Debug|Any CPU = Debug|Any CPU
		Release|Any CPU = Release|Any CPU
	EndGlobalSection
	GlobalSection(ProjectConfigurationPlatforms) = postSolution
		{CC0967CB-F4AC-4EFF-A204-D0182A8CCD59}.Debug|Any CPU.ActiveCfg = Debug|Any CPU
		{CC0967CB-F4AC-4EFF-A204-D0182A8CCD59}.Debug|Any CPU.Build.0 = Debug|Any CPU
		{CC0967CB-F4AC-4EFF-A204-D0182A8CCD59}.Release|Any CPU.ActiveCfg = Release|Any CPU
		{CC0967CB-F4AC-4EFF-A204-D0182A8CCD59}.Release|Any CPU.Build.0 = Release|Any CPU
	EndGlobalSection
	GlobalSection(SolutionProperties) = preSolution
		HideSolutionNode = FALSE
	EndGlobalSection
	GlobalSection(ExtensibilityGlobals) = postSolution
		SolutionGuid = {DBA349C7-9E32-4A58-BB59-2E688CBD29E6}
	EndGlobalSection
EndGlobal
